
Microsoft Visual Studio Solution File, Format Version 12.00
# Visual Studio Version 17
VisualStudioVersion = 17.8.34408.163
MinimumVisualStudioVersion = 10.0.40219.1
Project("{9A19103F-16F7-4668-BE54-9A1E7A4F7556}") = "JewelryProductionOrder", "JewelryProductionOrder\JewelryProductionOrder.csproj", "{0F017377-E09A-4281-87A6-355AF1897BEB}"
EndProject
Project("{E53339B2-1760-4266-BCC7-CA923CBCF16C}") = "docker-compose", "docker-compose.dcproj", "{75B7FBA8-C9CF-4278-8D81-23175EC14271}"
EndProject
Project("{FAE04EC0-301F-11D3-BF4B-00C04F79EFBC}") = "JewelryProductionOrder.DataAccess", "JewelryProductionOrder.DataAccess\JewelryProductionOrder.DataAccess.csproj", "{E6017D1C-7969-465F-94DD-68C9EC1A650D}"
EndProject
Project("{FAE04EC0-301F-11D3-BF4B-00C04F79EFBC}") = "JewelryProductionOrder.Models", "JewelryProductionOrder.Models\JewelryProductionOrder.Models.csproj", "{5BAE83BF-4802-40F2-8132-39CDAE0B5515}"
EndProject
Global
	GlobalSection(SolutionConfigurationPlatforms) = preSolution
		Debug|Any CPU = Debug|Any CPU
		Release|Any CPU = Release|Any CPU
	EndGlobalSection
	GlobalSection(ProjectConfigurationPlatforms) = postSolution
		{0F017377-E09A-4281-87A6-355AF1897BEB}.Debug|Any CPU.ActiveCfg = Debug|Any CPU
		{0F017377-E09A-4281-87A6-355AF1897BEB}.Debug|Any CPU.Build.0 = Debug|Any CPU
		{0F017377-E09A-4281-87A6-355AF1897BEB}.Release|Any CPU.ActiveCfg = Release|Any CPU
		{0F017377-E09A-4281-87A6-355AF1897BEB}.Release|Any CPU.Build.0 = Release|Any CPU
		{75B7FBA8-C9CF-4278-8D81-23175EC14271}.Debug|Any CPU.ActiveCfg = Debug|Any CPU
		{75B7FBA8-C9CF-4278-8D81-23175EC14271}.Debug|Any CPU.Build.0 = Debug|Any CPU
		{75B7FBA8-C9CF-4278-8D81-23175EC14271}.Release|Any CPU.ActiveCfg = Release|Any CPU
		{75B7FBA8-C9CF-4278-8D81-23175EC14271}.Release|Any CPU.Build.0 = Release|Any CPU
		{E6017D1C-7969-465F-94DD-68C9EC1A650D}.Debug|Any CPU.ActiveCfg = Debug|Any CPU
		{E6017D1C-7969-465F-94DD-68C9EC1A650D}.Debug|Any CPU.Build.0 = Debug|Any CPU
		{E6017D1C-7969-465F-94DD-68C9EC1A650D}.Release|Any CPU.ActiveCfg = Release|Any CPU
		{E6017D1C-7969-465F-94DD-68C9EC1A650D}.Release|Any CPU.Build.0 = Release|Any CPU
		{5BAE83BF-4802-40F2-8132-39CDAE0B5515}.Debug|Any CPU.ActiveCfg = Debug|Any CPU
		{5BAE83BF-4802-40F2-8132-39CDAE0B5515}.Debug|Any CPU.Build.0 = Debug|Any CPU
		{5BAE83BF-4802-40F2-8132-39CDAE0B5515}.Release|Any CPU.ActiveCfg = Release|Any CPU
		{5BAE83BF-4802-40F2-8132-39CDAE0B5515}.Release|Any CPU.Build.0 = Release|Any CPU
	EndGlobalSection
	GlobalSection(SolutionProperties) = preSolution
		HideSolutionNode = FALSE
	EndGlobalSection
	GlobalSection(ExtensibilityGlobals) = postSolution
		SolutionGuid = {D51396B2-7480-4CE8-8324-BF1B59BEFC62}
	EndGlobalSection
EndGlobal
